
Microsoft Visual Studio Solution File, Format Version 12.00
# Visual Studio Version 16
VisualStudioVersion = 16.0.30611.23
MinimumVisualStudioVersion = 10.0.40219.1
Project("{FAE04EC0-301F-11D3-BF4B-00C04F79EFBC}") = "WebTracNghiemOnline", "WebTracNghiemOnline\WebTracNghiemOnline.csproj", "{B85716A9-98A5-4BD6-BE40-4BAE27B81E3A}"
	ProjectSection(ProjectDependencies) = postProject
		{598AA00A-17F9-42A6-876C-B3368F892316} = {598AA00A-17F9-42A6-876C-B3368F892316}
		{698E5C7F-F79B-4692-9AA7-104258BBC376} = {698E5C7F-F79B-4692-9AA7-104258BBC376}
	EndProjectSection
EndProject
Project("{9A19103F-16F7-4668-BE54-9A1E7A4F7556}") = "RealTimeFaceApi.Cmd", "..\RealTimeFaceApi\RealTimeFaceApi.Cmd\RealTimeFaceApi.Cmd.csproj", "{598AA00A-17F9-42A6-876C-B3368F892316}"
EndProject
Project("{9A19103F-16F7-4668-BE54-9A1E7A4F7556}") = "RealTimeFaceApi.Core", "..\RealTimeFaceApi\RealTimeFaceApi.Core\RealTimeFaceApi.Core.csproj", "{698E5C7F-F79B-4692-9AA7-104258BBC376}"
EndProject
Project("{9A19103F-16F7-4668-BE54-9A1E7A4F7556}") = "RealTimeFaceApi.Core.Tests", "..\RealTimeFaceApi\RealTimeFaceApi.Core.Tests\RealTimeFaceApi.Core.Tests.csproj", "{04E8ED1F-7F1F-47BC-B6FB-B91414CD7B78}"
EndProject
Project("{9A19103F-16F7-4668-BE54-9A1E7A4F7556}") = "RealTimeFaceApi.Cmd", "RealTimeFaceApi\RealTimeFaceApi.Cmd\RealTimeFaceApi.Cmd.csproj", "{3C686413-155D-47D9-BE3B-639B75C20DE2}"
EndProject
Project("{9A19103F-16F7-4668-BE54-9A1E7A4F7556}") = "RealTimeFaceApi.Core", "RealTimeFaceApi\RealTimeFaceApi.Core\RealTimeFaceApi.Core.csproj", "{1746BEE1-C5EB-4D03-B902-56A995BCC7DD}"
EndProject
Project("{9A19103F-16F7-4668-BE54-9A1E7A4F7556}") = "RealTimeFaceApi.Core.Tests", "RealTimeFaceApi\RealTimeFaceApi.Core.Tests\RealTimeFaceApi.Core.Tests.csproj", "{490A56D8-84F2-49A2-8A3C-3F239550B43B}"
EndProject
Global
	GlobalSection(SolutionConfigurationPlatforms) = preSolution
		Debug|Any CPU = Debug|Any CPU
		Release|Any CPU = Release|Any CPU
	EndGlobalSection
	GlobalSection(ProjectConfigurationPlatforms) = postSolution
		{B85716A9-98A5-4BD6-BE40-4BAE27B81E3A}.Debug|Any CPU.ActiveCfg = Debug|Any CPU
		{B85716A9-98A5-4BD6-BE40-4BAE27B81E3A}.Debug|Any CPU.Build.0 = Debug|Any CPU
		{B85716A9-98A5-4BD6-BE40-4BAE27B81E3A}.Release|Any CPU.ActiveCfg = Release|Any CPU
		{B85716A9-98A5-4BD6-BE40-4BAE27B81E3A}.Release|Any CPU.Build.0 = Release|Any CPU
<<<<<<< HEAD
		{598AA00A-17F9-42A6-876C-B3368F892316}.Debug|Any CPU.ActiveCfg = Debug|Any CPU
		{598AA00A-17F9-42A6-876C-B3368F892316}.Debug|Any CPU.Build.0 = Debug|Any CPU
		{598AA00A-17F9-42A6-876C-B3368F892316}.Release|Any CPU.ActiveCfg = Release|Any CPU
		{598AA00A-17F9-42A6-876C-B3368F892316}.Release|Any CPU.Build.0 = Release|Any CPU
		{698E5C7F-F79B-4692-9AA7-104258BBC376}.Debug|Any CPU.ActiveCfg = Debug|Any CPU
		{698E5C7F-F79B-4692-9AA7-104258BBC376}.Debug|Any CPU.Build.0 = Debug|Any CPU
		{698E5C7F-F79B-4692-9AA7-104258BBC376}.Release|Any CPU.ActiveCfg = Release|Any CPU
		{698E5C7F-F79B-4692-9AA7-104258BBC376}.Release|Any CPU.Build.0 = Release|Any CPU
		{04E8ED1F-7F1F-47BC-B6FB-B91414CD7B78}.Debug|Any CPU.ActiveCfg = Debug|Any CPU
		{04E8ED1F-7F1F-47BC-B6FB-B91414CD7B78}.Debug|Any CPU.Build.0 = Debug|Any CPU
		{04E8ED1F-7F1F-47BC-B6FB-B91414CD7B78}.Release|Any CPU.ActiveCfg = Release|Any CPU
		{04E8ED1F-7F1F-47BC-B6FB-B91414CD7B78}.Release|Any CPU.Build.0 = Release|Any CPU
=======
		{3C686413-155D-47D9-BE3B-639B75C20DE2}.Debug|Any CPU.ActiveCfg = Debug|Any CPU
		{3C686413-155D-47D9-BE3B-639B75C20DE2}.Debug|Any CPU.Build.0 = Debug|Any CPU
		{3C686413-155D-47D9-BE3B-639B75C20DE2}.Release|Any CPU.ActiveCfg = Release|Any CPU
		{3C686413-155D-47D9-BE3B-639B75C20DE2}.Release|Any CPU.Build.0 = Release|Any CPU
		{1746BEE1-C5EB-4D03-B902-56A995BCC7DD}.Debug|Any CPU.ActiveCfg = Debug|Any CPU
		{1746BEE1-C5EB-4D03-B902-56A995BCC7DD}.Debug|Any CPU.Build.0 = Debug|Any CPU
		{1746BEE1-C5EB-4D03-B902-56A995BCC7DD}.Release|Any CPU.ActiveCfg = Release|Any CPU
		{1746BEE1-C5EB-4D03-B902-56A995BCC7DD}.Release|Any CPU.Build.0 = Release|Any CPU
		{490A56D8-84F2-49A2-8A3C-3F239550B43B}.Debug|Any CPU.ActiveCfg = Debug|Any CPU
		{490A56D8-84F2-49A2-8A3C-3F239550B43B}.Debug|Any CPU.Build.0 = Debug|Any CPU
		{490A56D8-84F2-49A2-8A3C-3F239550B43B}.Release|Any CPU.ActiveCfg = Release|Any CPU
		{490A56D8-84F2-49A2-8A3C-3F239550B43B}.Release|Any CPU.Build.0 = Release|Any CPU
>>>>>>> develop
	EndGlobalSection
	GlobalSection(SolutionProperties) = preSolution
		HideSolutionNode = FALSE
	EndGlobalSection
	GlobalSection(ExtensibilityGlobals) = postSolution
		SolutionGuid = {3CC3B16E-F3E0-4F48-8D4A-9E898342BD59}
	EndGlobalSection
EndGlobal
